
Microsoft Visual Studio Solution File, Format Version 12.00
# Visual Studio Version 17
VisualStudioVersion = 17.9.34723.18
MinimumVisualStudioVersion = 10.0.40219.1
Project("{9A19103F-16F7-4668-BE54-9A1E7A4F7556}") = "TagsAPI", "TagsAPI\TagsAPI.csproj", "{AB00BCA7-92A5-4834-A470-5CF2B45A356D}"
EndProject
Project("{E53339B2-1760-4266-BCC7-CA923CBCF16C}") = "docker-compose", "docker-compose.dcproj", "{EC43B784-CFC5-430D-9D74-AEE7F055A1C8}"
EndProject
Global
	GlobalSection(SolutionConfigurationPlatforms) = preSolution
		Debug|Any CPU = Debug|Any CPU
		Release|Any CPU = Release|Any CPU
	EndGlobalSection
	GlobalSection(ProjectConfigurationPlatforms) = postSolution
		{AB00BCA7-92A5-4834-A470-5CF2B45A356D}.Debug|Any CPU.ActiveCfg = Debug|Any CPU
		{AB00BCA7-92A5-4834-A470-5CF2B45A356D}.Debug|Any CPU.Build.0 = Debug|Any CPU
		{AB00BCA7-92A5-4834-A470-5CF2B45A356D}.Release|Any CPU.ActiveCfg = Release|Any CPU
		{AB00BCA7-92A5-4834-A470-5CF2B45A356D}.Release|Any CPU.Build.0 = Release|Any CPU
		{EC43B784-CFC5-430D-9D74-AEE7F055A1C8}.Debug|Any CPU.ActiveCfg = Debug|Any CPU
		{EC43B784-CFC5-430D-9D74-AEE7F055A1C8}.Debug|Any CPU.Build.0 = Debug|Any CPU
		{EC43B784-CFC5-430D-9D74-AEE7F055A1C8}.Release|Any CPU.ActiveCfg = Release|Any CPU
		{EC43B784-CFC5-430D-9D74-AEE7F055A1C8}.Release|Any CPU.Build.0 = Release|Any CPU
	EndGlobalSection
	GlobalSection(SolutionProperties) = preSolution
		HideSolutionNode = FALSE
	EndGlobalSection
	GlobalSection(ExtensibilityGlobals) = postSolution
		SolutionGuid = {2C5D747D-8BF7-4E7D-A088-0C03775FD01D}
	EndGlobalSection
EndGlobal
